
Microsoft Visual Studio Solution File, Format Version 11.00
# Visual C++ Express 2010
Project("{8BC9CEB8-8B4A-11D0-8D11-00A0C91BC942}") = "rotating the array", "rotating the array\rotating the array.vcxproj", "{E38B4A49-A045-46CB-A465-3BAB83E8C253}"
EndProject
Global
	GlobalSection(SolutionConfigurationPlatforms) = preSolution
		Debug|Win32 = Debug|Win32
		Release|Win32 = Release|Win32
	EndGlobalSection
	GlobalSection(ProjectConfigurationPlatforms) = postSolution
		{E38B4A49-A045-46CB-A465-3BAB83E8C253}.Debug|Win32.ActiveCfg = Debug|Win32
		{E38B4A49-A045-46CB-A465-3BAB83E8C253}.Debug|Win32.Build.0 = Debug|Win32
		{E38B4A49-A045-46CB-A465-3BAB83E8C253}.Release|Win32.ActiveCfg = Release|Win32
		{E38B4A49-A045-46CB-A465-3BAB83E8C253}.Release|Win32.Build.0 = Release|Win32
	EndGlobalSection
	GlobalSection(SolutionProperties) = preSolution
		HideSolutionNode = FALSE
	EndGlobalSection
EndGlobal
