
Microsoft Visual Studio Solution File, Format Version 11.00
# Visual C++ Express 2010
Project("{8BC9CEB8-8B4A-11D0-8D11-00A0C91BC942}") = "days in months interval", "days in months interval\days in months interval.vcxproj", "{B1AF19FB-3AF3-444B-B72D-94F62EEBE460}"
EndProject
Global
	GlobalSection(SolutionConfigurationPlatforms) = preSolution
		Debug|Win32 = Debug|Win32
		Release|Win32 = Release|Win32
	EndGlobalSection
	GlobalSection(ProjectConfigurationPlatforms) = postSolution
		{B1AF19FB-3AF3-444B-B72D-94F62EEBE460}.Debug|Win32.ActiveCfg = Debug|Win32
		{B1AF19FB-3AF3-444B-B72D-94F62EEBE460}.Debug|Win32.Build.0 = Debug|Win32
		{B1AF19FB-3AF3-444B-B72D-94F62EEBE460}.Release|Win32.ActiveCfg = Release|Win32
		{B1AF19FB-3AF3-444B-B72D-94F62EEBE460}.Release|Win32.Build.0 = Release|Win32
	EndGlobalSection
	GlobalSection(SolutionProperties) = preSolution
		HideSolutionNode = FALSE
	EndGlobalSection
EndGlobal
