
Microsoft Visual Studio Solution File, Format Version 11.00
# Visual C++ Express 2010
Project("{8BC9CEB8-8B4A-11D0-8D11-00A0C91BC942}") = "countCommonElements", "countCommonElements\countCommonElements.vcxproj", "{BD72854C-2D06-4617-A9E6-8AE4C0D83B20}"
EndProject
Global
	GlobalSection(SolutionConfigurationPlatforms) = preSolution
		Debug|Win32 = Debug|Win32
		Release|Win32 = Release|Win32
	EndGlobalSection
	GlobalSection(ProjectConfigurationPlatforms) = postSolution
		{BD72854C-2D06-4617-A9E6-8AE4C0D83B20}.Debug|Win32.ActiveCfg = Debug|Win32
		{BD72854C-2D06-4617-A9E6-8AE4C0D83B20}.Debug|Win32.Build.0 = Debug|Win32
		{BD72854C-2D06-4617-A9E6-8AE4C0D83B20}.Release|Win32.ActiveCfg = Release|Win32
		{BD72854C-2D06-4617-A9E6-8AE4C0D83B20}.Release|Win32.Build.0 = Release|Win32
	EndGlobalSection
	GlobalSection(SolutionProperties) = preSolution
		HideSolutionNode = FALSE
	EndGlobalSection
EndGlobal
