
Microsoft Visual Studio Solution File, Format Version 11.00
# Visual C++ Express 2010
Project("{8BC9CEB8-8B4A-11D0-8D11-00A0C91BC942}") = "question 26", "question 26\question 26.vcxproj", "{2789DAA0-63CA-477B-AE95-783454E54CBF}"
EndProject
Global
	GlobalSection(SolutionConfigurationPlatforms) = preSolution
		Debug|Win32 = Debug|Win32
		Release|Win32 = Release|Win32
	EndGlobalSection
	GlobalSection(ProjectConfigurationPlatforms) = postSolution
		{2789DAA0-63CA-477B-AE95-783454E54CBF}.Debug|Win32.ActiveCfg = Debug|Win32
		{2789DAA0-63CA-477B-AE95-783454E54CBF}.Debug|Win32.Build.0 = Debug|Win32
		{2789DAA0-63CA-477B-AE95-783454E54CBF}.Release|Win32.ActiveCfg = Release|Win32
		{2789DAA0-63CA-477B-AE95-783454E54CBF}.Release|Win32.Build.0 = Release|Win32
	EndGlobalSection
	GlobalSection(SolutionProperties) = preSolution
		HideSolutionNode = FALSE
	EndGlobalSection
EndGlobal
