
Microsoft Visual Studio Solution File, Format Version 11.00
# Visual C++ Express 2010
Project("{8BC9CEB8-8B4A-11D0-8D11-00A0C91BC942}") = "sum while loop", "sum while loop\sum while loop.vcxproj", "{F2143D6F-66C4-43C2-96A6-5304B1EFA507}"
EndProject
Global
	GlobalSection(SolutionConfigurationPlatforms) = preSolution
		Debug|Win32 = Debug|Win32
		Release|Win32 = Release|Win32
	EndGlobalSection
	GlobalSection(ProjectConfigurationPlatforms) = postSolution
		{F2143D6F-66C4-43C2-96A6-5304B1EFA507}.Debug|Win32.ActiveCfg = Debug|Win32
		{F2143D6F-66C4-43C2-96A6-5304B1EFA507}.Debug|Win32.Build.0 = Debug|Win32
		{F2143D6F-66C4-43C2-96A6-5304B1EFA507}.Release|Win32.ActiveCfg = Release|Win32
		{F2143D6F-66C4-43C2-96A6-5304B1EFA507}.Release|Win32.Build.0 = Release|Win32
	EndGlobalSection
	GlobalSection(SolutionProperties) = preSolution
		HideSolutionNode = FALSE
	EndGlobalSection
EndGlobal
