
Microsoft Visual Studio Solution File, Format Version 11.00
# Visual C++ Express 2010
Project("{8BC9CEB8-8B4A-11D0-8D11-00A0C91BC942}") = "checking out roots of quadratic equation", "checking out roots of quadratic equation\checking out roots of quadratic equation.vcxproj", "{F1D2D63C-D164-492C-9C49-48C7D372EFB1}"
EndProject
Global
	GlobalSection(SolutionConfigurationPlatforms) = preSolution
		Debug|Win32 = Debug|Win32
		Release|Win32 = Release|Win32
	EndGlobalSection
	GlobalSection(ProjectConfigurationPlatforms) = postSolution
		{F1D2D63C-D164-492C-9C49-48C7D372EFB1}.Debug|Win32.ActiveCfg = Debug|Win32
		{F1D2D63C-D164-492C-9C49-48C7D372EFB1}.Debug|Win32.Build.0 = Debug|Win32
		{F1D2D63C-D164-492C-9C49-48C7D372EFB1}.Release|Win32.ActiveCfg = Release|Win32
		{F1D2D63C-D164-492C-9C49-48C7D372EFB1}.Release|Win32.Build.0 = Release|Win32
	EndGlobalSection
	GlobalSection(SolutionProperties) = preSolution
		HideSolutionNode = FALSE
	EndGlobalSection
EndGlobal
