
Microsoft Visual Studio Solution File, Format Version 11.00
# Visual C++ Express 2010
Project("{8BC9CEB8-8B4A-11D0-8D11-00A0C91BC942}") = "STRING isFound", "STRING isFound\STRING isFound.vcxproj", "{83A7F0D9-848B-47D5-B004-6254D9C24224}"
EndProject
Global
	GlobalSection(SolutionConfigurationPlatforms) = preSolution
		Debug|Win32 = Debug|Win32
		Release|Win32 = Release|Win32
	EndGlobalSection
	GlobalSection(ProjectConfigurationPlatforms) = postSolution
		{83A7F0D9-848B-47D5-B004-6254D9C24224}.Debug|Win32.ActiveCfg = Debug|Win32
		{83A7F0D9-848B-47D5-B004-6254D9C24224}.Debug|Win32.Build.0 = Debug|Win32
		{83A7F0D9-848B-47D5-B004-6254D9C24224}.Release|Win32.ActiveCfg = Release|Win32
		{83A7F0D9-848B-47D5-B004-6254D9C24224}.Release|Win32.Build.0 = Release|Win32
	EndGlobalSection
	GlobalSection(SolutionProperties) = preSolution
		HideSolutionNode = FALSE
	EndGlobalSection
EndGlobal
