
Microsoft Visual Studio Solution File, Format Version 11.00
# Visual C++ Express 2010
Project("{8BC9CEB8-8B4A-11D0-8D11-00A0C91BC942}") = "successiveSum 1+2+3 till n", "successiveSum 1+2+3 till n\successiveSum 1+2+3 till n.vcxproj", "{BEB1382F-78D5-44C1-8D9F-DB89315D5784}"
EndProject
Global
	GlobalSection(SolutionConfigurationPlatforms) = preSolution
		Debug|Win32 = Debug|Win32
		Release|Win32 = Release|Win32
	EndGlobalSection
	GlobalSection(ProjectConfigurationPlatforms) = postSolution
		{BEB1382F-78D5-44C1-8D9F-DB89315D5784}.Debug|Win32.ActiveCfg = Debug|Win32
		{BEB1382F-78D5-44C1-8D9F-DB89315D5784}.Debug|Win32.Build.0 = Debug|Win32
		{BEB1382F-78D5-44C1-8D9F-DB89315D5784}.Release|Win32.ActiveCfg = Release|Win32
		{BEB1382F-78D5-44C1-8D9F-DB89315D5784}.Release|Win32.Build.0 = Release|Win32
	EndGlobalSection
	GlobalSection(SolutionProperties) = preSolution
		HideSolutionNode = FALSE
	EndGlobalSection
EndGlobal
