
Microsoft Visual Studio Solution File, Format Version 11.00
# Visual C++ Express 2010
Project("{8BC9CEB8-8B4A-11D0-8D11-00A0C91BC942}") = "for do while loop averae of first 10 numbers", "for do while loop averae of first 10 numbers\for do while loop averae of first 10 numbers.vcxproj", "{9DE7EB86-64B4-4939-B782-65270B9E7CC3}"
EndProject
Global
	GlobalSection(SolutionConfigurationPlatforms) = preSolution
		Debug|Win32 = Debug|Win32
		Release|Win32 = Release|Win32
	EndGlobalSection
	GlobalSection(ProjectConfigurationPlatforms) = postSolution
		{9DE7EB86-64B4-4939-B782-65270B9E7CC3}.Debug|Win32.ActiveCfg = Debug|Win32
		{9DE7EB86-64B4-4939-B782-65270B9E7CC3}.Debug|Win32.Build.0 = Debug|Win32
		{9DE7EB86-64B4-4939-B782-65270B9E7CC3}.Release|Win32.ActiveCfg = Release|Win32
		{9DE7EB86-64B4-4939-B782-65270B9E7CC3}.Release|Win32.Build.0 = Release|Win32
	EndGlobalSection
	GlobalSection(SolutionProperties) = preSolution
		HideSolutionNode = FALSE
	EndGlobalSection
EndGlobal
