
Microsoft Visual Studio Solution File, Format Version 11.00
# Visual C++ Express 2010
Project("{8BC9CEB8-8B4A-11D0-8D11-00A0C91BC942}") = "randomly print yes no not sure", "randomly print yes no not sure\randomly print yes no not sure.vcxproj", "{C0DCD6E1-71E5-4F32-BE31-EB446476142C}"
EndProject
Global
	GlobalSection(SolutionConfigurationPlatforms) = preSolution
		Debug|Win32 = Debug|Win32
		Release|Win32 = Release|Win32
	EndGlobalSection
	GlobalSection(ProjectConfigurationPlatforms) = postSolution
		{C0DCD6E1-71E5-4F32-BE31-EB446476142C}.Debug|Win32.ActiveCfg = Debug|Win32
		{C0DCD6E1-71E5-4F32-BE31-EB446476142C}.Debug|Win32.Build.0 = Debug|Win32
		{C0DCD6E1-71E5-4F32-BE31-EB446476142C}.Release|Win32.ActiveCfg = Release|Win32
		{C0DCD6E1-71E5-4F32-BE31-EB446476142C}.Release|Win32.Build.0 = Release|Win32
	EndGlobalSection
	GlobalSection(SolutionProperties) = preSolution
		HideSolutionNode = FALSE
	EndGlobalSection
EndGlobal
